dependencies:
- name: loki
  repository: https://grafana.github.io/helm-charts
  version: 6.7.4
- name: promtail
  repository: https://grafana.github.io/helm-charts
  version: 6.16.4
digest: sha256:df85fde0fba54c78e0006dc6c0312cd8b2de7e46dc747f009ce5506c49ffdb86
generated: "2025-05-09T17:55:04.5020423+05:30"
